
Microsoft Visual Studio Solution File, Format Version 12.00
# Visual Studio 15
VisualStudioVersion = 15.0.26430.14
MinimumVisualStudioVersion = 10.0.40219.1
Project("{9A19103F-16F7-4668-BE54-9A1E7A4F7556}") = "ServiceBus.AttachmentPlugin", "ServiceBus.AttachmentPlugin\ServiceBus.AttachmentPlugin.csproj", "{5B09D75C-3554-4A8B-8DE2-C593CEF79656}"
EndProject
Project("{9A19103F-16F7-4668-BE54-9A1E7A4F7556}") = "ServiceBus.AttachmentPlugin.Tests", "ServiceBus.AttachmentPlugin.Tests\ServiceBus.AttachmentPlugin.Tests.csproj", "{D52B8E45-D641-4E74-A0C9-222D408D3032}"
EndProject
Project("{2150E333-8FDC-42A3-9474-1A3956D46DE8}") = "Solution Files", "Solution Files", "{2295CF61-70EF-43B4-8747-7C01493D607C}"
	ProjectSection(SolutionItems) = preProject
		..\appveyor.yml = ..\appveyor.yml
	EndProjectSection
EndProject
Global
	GlobalSection(SolutionConfigurationPlatforms) = preSolution
		Debug|Any CPU = Debug|Any CPU
		Release|Any CPU = Release|Any CPU
	EndGlobalSection
	GlobalSection(ProjectConfigurationPlatforms) = postSolution
		{5B09D75C-3554-4A8B-8DE2-C593CEF79656}.Debug|Any CPU.ActiveCfg = Debug|Any CPU
		{5B09D75C-3554-4A8B-8DE2-C593CEF79656}.Debug|Any CPU.Build.0 = Debug|Any CPU
		{5B09D75C-3554-4A8B-8DE2-C593CEF79656}.Release|Any CPU.ActiveCfg = Release|Any CPU
		{5B09D75C-3554-4A8B-8DE2-C593CEF79656}.Release|Any CPU.Build.0 = Release|Any CPU
		{D52B8E45-D641-4E74-A0C9-222D408D3032}.Debug|Any CPU.ActiveCfg = Debug|Any CPU
		{D52B8E45-D641-4E74-A0C9-222D408D3032}.Debug|Any CPU.Build.0 = Debug|Any CPU
		{D52B8E45-D641-4E74-A0C9-222D408D3032}.Release|Any CPU.ActiveCfg = Release|Any CPU
		{D52B8E45-D641-4E74-A0C9-222D408D3032}.Release|Any CPU.Build.0 = Release|Any CPU
	EndGlobalSection
	GlobalSection(SolutionProperties) = preSolution
		HideSolutionNode = FALSE
	EndGlobalSection
EndGlobal
